<?xml version="1.0" encoding="utf-8"?>
<Project ToolsVersion="4.0" xmlns="http://schemas.microsoft.com/developer/msbuild/2003">
  <ItemGroup>
    <Filter Include="Source Files">
      <UniqueIdentifier>{4FC737F1-C7A5-4376-A066-2A32D752A2FF}</UniqueIdentifier>
      <Extensions>cpp;c;cc;cxx;def;odl;idl;hpj;bat;asm;asmx</Extensions>
    </Filter>
    <Filter Include="Header Files">
      <UniqueIdentifier>{93995380-89BD-4b04-88EB-625FBE52EBFB}</UniqueIdentifier>
      <Extensions>h;hh;hpp;hxx;hm;inl;inc;ipp;xsd</Extensions>
    </Filter>
    <Filter Include="Resource Files">
      <UniqueIdentifier>{67DA6AB6-F800-4c08-8B7A-83BB121AAD01}</UniqueIdentifier>
      <Extensions>rc;ico;cur;bmp;dlg;rc2;rct;bin;rgs;gif;jpg;jpeg;jpe;resx;tiff;tif;png;wav;mfcribbon-ms</Extensions>
    </Filter>
    <Filter Include="Header Files\components">
      <UniqueIdentifier>{a9865788-cabf-4ed2-840f-24aa92379d23}</UniqueIdentifier>
    </Filter>
    <Filter Include="Source Files\components">
      <UniqueIdentifier>{be66c8d9-b3ab-4727-9300-1eb662ebfde4}</UniqueIdentifier>
    </Filter>
  </ItemGroup>
  <ItemGroup>
    <ClInclude Include="pch.h">
      <Filter>Header Files</Filter>
    </ClInclude>
    <ClInclude Include="gamelib.hpp">
      <Filter>Header Files</Filter>
    </ClInclude>
    <ClInclude Include="gamelib_context.hpp">
      <Filter>Header Files</Filter>
    </ClInclude>
    <ClInclude Include="gamelib_base.hpp">
      <Filter>Header Files</Filter>
    </ClInclude>
    <ClInclude Include="hatchetfish.hpp">
      <Filter>Header Files</Filter>
    </ClInclude>
    <ClInclude Include="hatchetfish_log.hpp">
      <Filter>Header Files</Filter>
    </ClInclude>
    <ClInclude Include="hatchetfish_stopwatch.hpp">
      <Filter>Header Files</Filter>
    </ClInclude>
    <ClInclude Include="gamelib_object.hpp">
      <Filter>Header Files</Filter>
    </ClInclude>
    <ClInclude Include="gamelib_actor.hpp">
      <Filter>Header Files</Filter>
    </ClInclude>
    <ClInclude Include="gamelib_world.hpp">
      <Filter>Header Files</Filter>
    </ClInclude>
    <ClInclude Include="gamelib_command.hpp">
      <Filter>Header Files</Filter>
    </ClInclude>
    <ClInclude Include="gamelib_audio.hpp">
      <Filter>Header Files</Filter>
    </ClInclude>
    <ClInclude Include="gamelib_locator.hpp">
      <Filter>Header Files</Filter>
    </ClInclude>
    <ClInclude Include="gamelib_input_handler.hpp">
      <Filter>Header Files</Filter>
    </ClInclude>
    <ClInclude Include="gamelib_graphics.hpp">
      <Filter>Header Files</Filter>
    </ClInclude>
    <ClInclude Include="gamelib_random.hpp">
      <Filter>Header Files</Filter>
    </ClInclude>
    <ClInclude Include="gamelib_actor_component.hpp">
      <Filter>Header Files\components</Filter>
    </ClInclude>
    <ClInclude Include="gamelib_graphics_component.hpp">
      <Filter>Header Files\components</Filter>
    </ClInclude>
    <ClInclude Include="gamelib_input_component.hpp">
      <Filter>Header Files\components</Filter>
    </ClInclude>
    <ClInclude Include="gamelib_physics_component.hpp">
      <Filter>Header Files\components</Filter>
    </ClInclude>
    <ClInclude Include="gamelib_font.hpp">
      <Filter>Header Files</Filter>
    </ClInclude>
    <ClInclude Include="gamelib_story_screen.hpp">
      <Filter>Header Files</Filter>
    </ClInclude>
  </ItemGroup>
  <ItemGroup>
    <ClCompile Include="gamelib.cpp">
      <Filter>Source Files</Filter>
    </ClCompile>
    <ClCompile Include="pch.cpp">
      <Filter>Source Files</Filter>
    </ClCompile>
    <ClCompile Include="gamelib_context.cpp">
      <Filter>Source Files</Filter>
    </ClCompile>
    <ClCompile Include="hatchetfish_log.cpp">
      <Filter>Source Files</Filter>
    </ClCompile>
    <ClCompile Include="hatchetfish_stopwatch.cpp">
      <Filter>Source Files</Filter>
    </ClCompile>
    <ClCompile Include="gamelib_object.cpp">
      <Filter>Source Files</Filter>
    </ClCompile>
    <ClCompile Include="gamelib_actor.cpp">
      <Filter>Source Files</Filter>
    </ClCompile>
    <ClCompile Include="gamelib_world.cpp">
      <Filter>Source Files</Filter>
    </ClCompile>
    <ClCompile Include="gamelib_command.cpp">
      <Filter>Source Files</Filter>
    </ClCompile>
    <ClCompile Include="gamelib_audio.cpp">
      <Filter>Source Files</Filter>
    </ClCompile>
    <ClCompile Include="gamelib_locator.cpp">
      <Filter>Source Files</Filter>
    </ClCompile>
    <ClCompile Include="gamelib_input_handler.cpp">
      <Filter>Source Files</Filter>
    </ClCompile>
    <ClCompile Include="gamelib_graphics.cpp">
      <Filter>Source Files</Filter>
    </ClCompile>
    <ClCompile Include="gamelib_random.cpp">
      <Filter>Source Files</Filter>
    </ClCompile>
    <ClCompile Include="gamelib_actor_component.cpp">
      <Filter>Source Files\components</Filter>
    </ClCompile>
    <ClCompile Include="gamelib_graphics_component.cpp">
      <Filter>Source Files\components</Filter>
    </ClCompile>
    <ClCompile Include="gamelib_input_component.cpp">
      <Filter>Source Files\components</Filter>
    </ClCompile>
    <ClCompile Include="gamelib_physics_component.cpp">
      <Filter>Source Files\components</Filter>
    </ClCompile>
    <ClCompile Include="gamelib_font.cpp">
      <Filter>Source Files</Filter>
    </ClCompile>
    <ClCompile Include="gamelib_story_screen.cpp">
      <Filter>Source Files</Filter>
    </ClCompile>
  </ItemGroup>
  <ItemGroup>
    <Text Include="CMakeLists.txt" />
  </ItemGroup>
</Project>